// !$*UTF8*$!
{
	archiveVersion = 1;
	classes = {
	};
	objectVersion = 48;
	objects = {

/* Begin PBXBuildFile section */
		110D01D61F98082800CD4605 /* AppDelegate.swift in Sources */ = {isa = PBXBuildFile; fileRef = 110D01D51F98082800CD4605 /* AppDelegate.swift */; };
		110D01DB1F98082800CD4605 /* Main.storyboard in Resources */ = {isa = PBXBuildFile; fileRef = 110D01D91F98082800CD4605 /* Main.storyboard */; };
		110D01DD1F98082800CD4605 /* Assets.xcassets in Resources */ = {isa = PBXBuildFile; fileRef = 110D01DC1F98082800CD4605 /* Assets.xcassets */; };
		110D01E01F98082800CD4605 /* LaunchScreen.storyboard in Resources */ = {isa = PBXBuildFile; fileRef = 110D01DE1F98082800CD4605 /* LaunchScreen.storyboard */; };
		110D01E81F98090600CD4605 /* RosesTableViewController.swift in Sources */ = {isa = PBXBuildFile; fileRef = 110D01E71F98090600CD4605 /* RosesTableViewController.swift */; };
		110D01EA1F984E2E00CD4605 /* RoseTableViewCell.swift in Sources */ = {isa = PBXBuildFile; fileRef = 110D01E91F984E2E00CD4605 /* RoseTableViewCell.swift */; };
		114712BB1FA184030067941C /* Rose.swift in Sources */ = {isa = PBXBuildFile; fileRef = 114712BA1FA184030067941C /* Rose.swift */; };
		11FE15B71FA04805009D6014 /* RosesDetailViewController.swift in Sources */ = {isa = PBXBuildFile; fileRef = 11FE15B61FA04805009D6014 /* RosesDetailViewController.swift */; };
/* End PBXBuildFile section */

/* Begin PBXFileReference section */
		110D01D21F98082800CD4605 /* Roses.app */ = {isa = PBXFileReference; explicitFileType = wrapper.application; includeInIndex = 0; path = Roses.app; sourceTree = BUILT_PRODUCTS_DIR; };
		110D01D51F98082800CD4605 /* AppDelegate.swift */ = {isa = PBXFileReference; lastKnownFileType = sourcecode.swift; path = AppDelegate.swift; sourceTree = "<group>"; };
		110D01DA1F98082800CD4605 /* Base */ = {isa = PBXFileReference; lastKnownFileType = file.storyboard; name = Base; path = Base.lproj/Main.storyboard; sourceTree = "<group>"; };
		110D01DC1F98082800CD4605 /* Assets.xcassets */ = {isa = PBXFileReference; lastKnownFileType = folder.assetcatalog; path = Assets.xcassets; sourceTree = "<group>"; };
		110D01DF1F98082800CD4605 /* Base */ = {isa = PBXFileReference; lastKnownFileType = file.storyboard; name = Base; path = Base.lproj/LaunchScreen.storyboard; sourceTree = "<group>"; };
		110D01E11F98082800CD4605 /* Info.plist */ = {isa = PBXFileReference; lastKnownFileType = text.plist.xml; path = Info.plist; sourceTree = "<group>"; };
		110D01E71F98090600CD4605 /* RosesTableViewController.swift */ = {isa = PBXFileReference; lastKnownFileType = sourcecode.swift; path = RosesTableViewController.swift; sourceTree = "<group>"; };
		110D01E91F984E2E00CD4605 /* RoseTableViewCell.swift */ = {isa = PBXFileReference; lastKnownFileType = sourcecode.swift; path = RoseTableViewCell.swift; sourceTree = "<group>"; };
		114712BA1FA184030067941C /* Rose.swift */ = {isa = PBXFileReference; lastKnownFileType = sourcecode.swift; path = Rose.swift; sourceTree = "<group>"; };
		11FE15B61FA04805009D6014 /* RosesDetailViewController.swift */ = {isa = PBXFileReference; lastKnownFileType = sourcecode.swift; path = RosesDetailViewController.swift; sourceTree = "<group>"; };
/* End PBXFileReference section */

/* Begin PBXFrameworksBuildPhase section */
		110D01CF1F98082800CD4605 /* Frameworks */ = {
			isa = PBXFrameworksBuildPhase;
			buildActionMask = 2147483647;
			files = (
			);
			runOnlyForDeploymentPostprocessing = 0;
		};
/* End PBXFrameworksBuildPhase section */

/* Begin PBXGroup section */
		110D01C91F98082800CD4605 = {
			isa = PBXGroup;
			children = (
				110D01D41F98082800CD4605 /* Roses */,
				110D01D31F98082800CD4605 /* Products */,
			);
			sourceTree = "<group>";
		};
		110D01D31F98082800CD4605 /* Products */ = {
			isa = PBXGroup;
			children = (
				110D01D21F98082800CD4605 /* Roses.app */,
			);
			name = Products;
			sourceTree = "<group>";
		};
		110D01D41F98082800CD4605 /* Roses */ = {
			isa = PBXGroup;
			children = (
				110D01D51F98082800CD4605 /* AppDelegate.swift */,
				110D01D91F98082800CD4605 /* Main.storyboard */,
				110D01DC1F98082800CD4605 /* Assets.xcassets */,
				110D01DE1F98082800CD4605 /* LaunchScreen.storyboard */,
				110D01E11F98082800CD4605 /* Info.plist */,
				110D01E71F98090600CD4605 /* RosesTableViewController.swift */,
				110D01E91F984E2E00CD4605 /* RoseTableViewCell.swift */,
				11FE15B61FA04805009D6014 /* RosesDetailViewController.swift */,
				114712BA1FA184030067941C /* Rose.swift */,
			);
			path = Roses;
			sourceTree = "<group>";
		};
/* End PBXGroup section */

/* Begin PBXNativeTarget section */
		110D01D11F98082800CD4605 /* Roses */ = {
			isa = PBXNativeTarget;
			buildConfigurationList = 110D01E41F98082800CD4605 /* Build configuration list for PBXNativeTarget "Roses" */;
			buildPhases = (
				110D01CE1F98082800CD4605 /* Sources */,
				110D01CF1F98082800CD4605 /* Frameworks */,
				110D01D01F98082800CD4605 /* Resources */,
			);
			buildRules = (
			);
			dependencies = (
			);
			name = Roses;
			productName = Roses;
			productReference = 110D01D21F98082800CD4605 /* Roses.app */;
			productType = "com.apple.product-type.application";
		};
/* End PBXNativeTarget section */

/* Begin PBXProject section */
		110D01CA1F98082800CD4605 /* Project object */ = {
			isa = PBXProject;
			attributes = {
				LastSwiftUpdateCheck = 0900;
				LastUpgradeCheck = 0900;
				ORGANIZATIONNAME = Babak;
				TargetAttributes = {
					110D01D11F98082800CD4605 = {
						CreatedOnToolsVersion = 9.0;
						ProvisioningStyle = Automatic;
					};
				};
			};
			buildConfigurationList = 110D01CD1F98082800CD4605 /* Build configuration list for PBXProject "Roses" */;
			compatibilityVersion = "Xcode 8.0";
			developmentRegion = en;
			hasScannedForEncodings = 0;
			knownRegions = (
				en,
				Base,
			);
			mainGroup = 110D01C91F98082800CD4605;
			productRefGroup = 110D01D31F98082800CD4605 /* Products */;
			projectDirPath = "";
			projectRoot = "";
			targets = (
				110D01D11F98082800CD4605 /* Roses */,
			);
		};
/* End PBXProject section */

/* Begin PBXResourcesBuildPhase section */
		110D01D01F98082800CD4605 /* Resources */ = {
			isa = PBXResourcesBuildPhase;
			buildActionMask = 2147483647;
			files = (
				110D01E01F98082800CD4605 /* LaunchScreen.storyboard in Resources */,
				110D01DD1F98082800CD4605 /* Assets.xcassets in Resources */,
				110D01DB1F98082800CD4605 /* Main.storyboard in Resources */,
			);
			runOnlyForDeploymentPostprocessing = 0;
		};
/* End PBXResourcesBuildPhase section */

/* Begin PBXSourcesBuildPhase section */
		110D01CE1F98082800CD4605 /* Sources */ = {
			isa = PBXSourcesBuildPhase;
			buildActionMask = 2147483647;
			files = (
				11FE15B71FA04805009D6014 /* RosesDetailViewController.swift in Sources */,
				110D01EA1F984E2E00CD4605 /* RoseTableViewCell.swift in Sources */,
				110D01E81F98090600CD4605 /* RosesTableViewController.swift in Sources */,
				110D01D61F98082800CD4605 /* AppDelegate.swift in Sources */,
				114712BB1FA184030067941C /* Rose.swift in Sources */,
			);
			runOnlyForDeploymentPostprocessing = 0;
		};
/* End PBXSourcesBuildPhase section */

/* Begin PBXVariantGroup section */
		110D01D91F98082800CD4605 /* Main.storyboard */ = {
			isa = PBXVariantGroup;
			children = (
				110D01DA1F98082800CD4605 /* Base */,
			);
			name = Main.storyboard;
			sourceTree = "<group>";
		};
		110D01DE1F98082800CD4605 /* LaunchScreen.storyboard */ = {
			isa = PBXVariantGroup;
			children = (
				110D01DF1F98082800CD4605 /* Base */,
			);
			name = LaunchScreen.storyboard;
			sourceTree = "<group>";
		};
/* End PBXVariantGroup section */

/* Begin XCBuildConfiguration section */
		110D01E21F98082800CD4605 /* Debug */ = {
			isa = XCBuildConfiguration;
			buildSettings = {
				ALWAYS_SEARCH_USER_PATHS = NO;
				CLANG_ANALYZER_NONNULL = YES;
				CLANG_ANALYZER_NUMBER_OBJECT_CONVERSION = YES_AGGRESSIVE;
				CLANG_CXX_LANGUAGE_STANDARD = "gnu++14";
				CLANG_CXX_LIBRARY = "libc++";
				CLANG_ENABLE_MODULES = YES;
				CLANG_ENABLE_OBJC_ARC = YES;
				CLANG_WARN_BLOCK_CAPTURE_AUTORELEASING = YES;
				CLANG_WARN_BOOL_CONVERSION = YES;
				CLANG_WARN_COMMA = YES;
				CLANG_WARN_CONSTANT_CONVERSION = YES;
				CLANG_WARN_DIRECT_OBJC_ISA_USAGE = YES_ERROR;
				CLANG_WARN_DOCUMENTATION_COMMENTS = YES;
				CLANG_WARN_EMPTY_BODY = YES;
				CLANG_WARN_ENUM_CONVERSION = YES;
				CLANG_WARN_INFINITE_RECURSION = YES;
				CLANG_WARN_INT_CONVERSION = YES;
				CLANG_WARN_NON_LITERAL_NULL_CONVERSION = YES;
				CLANG_WARN_OBJC_LITERAL_CONVERSION = YES;
				CLANG_WARN_OBJC_ROOT_CLASS = YES_ERROR;
				CLANG_WARN_RANGE_LOOP_ANALYSIS = YES;
				CLANG_WARN_STRICT_PROTOTYPES = YES;
				CLANG_WARN_SUSPICIOUS_MOVE = YES;
				CLANG_WARN_UNGUARDED_AVAILABILITY = YES_AGGRESSIVE;
				CLANG_WARN_UNREACHABLE_CODE = YES;
				CLANG_WARN__DUPLICATE_METHOD_MATCH = YES;
				CODE_SIGN_IDENTITY = "iPhone Developer";
				COPY_PHASE_STRIP = NO;
				DEBUG_INFORMATION_FORMAT = dwarf;
				ENABLE_STRICT_OBJC_MSGSEND = YES;
				ENABLE_TESTABILITY = YES;
				GCC_C_LANGUAGE_STANDARD = gnu11;
				GCC_DYNAMIC_NO_PIC = NO;
				GCC_NO_COMMON_BLOCKS = YES;
				GCC_OPTIMIZATION_LEVEL = 0;
				GCC_PREPROCESSOR_DEFINITIONS = (
					"DEBUG=1",
					"$(inherited)",
				);
				GCC_WARN_64_TO_32_BIT_CONVERSION = YES;
				GCC_WARN_ABOUT_RETURN_TYPE = YES_ERROR;
				GCC_WARN_UNDECLARED_SELECTOR = YES;
				GCC_WARN_UNINITIALIZED_AUTOS = YES_AGGRESSIVE;
				GCC_WARN_UNUSED_FUNCTION = YES;
				GCC_WARN_UNUSED_VARIABLE = YES;
				IPHONEOS_DEPLOYMENT_TARGET = 11.0;
				MTL_ENABLE_DEBUG_INFO = YES;
				ONLY_ACTIVE_ARCH = YES;
				SDKROOT = iphoneos;
				SWIFT_ACTIVE_COMPILATION_CONDITIONS = DEBUG;
				SWIFT_OPTIMIZATION_LEVEL = "-Onone";
			};
			name = Debug;
		};
		110D01E31F98082800CD4605 /* Release */ = {
			isa = XCBuildConfiguration;
			buildSettings = {
				ALWAYS_SEARCH_USER_PATHS = NO;
				CLANG_ANALYZER_NONNULL = YES;
				CLANG_ANALYZER_NUMBER_OBJECT_CONVERSION = YES_AGGRESSIVE;
				CLANG_CXX_LANGUAGE_STANDARD = "gnu++14";
				CLANG_CXX_LIBRARY = "libc++";
				CLANG_ENABLE_MODULES = YES;
				CLANG_ENABLE_OBJC_ARC = YES;
				CLANG_WARN_BLOCK_CAPTURE_AUTORELEASING = YES;
				CLANG_WARN_BOOL_CONVERSION = YES;
				CLANG_WARN_COMMA = YES;
				CLANG_WARN_CONSTANT_CONVERSION = YES;
				CLANG_WARN_DIRECT_OBJC_ISA_USAGE = YES_ERROR;
				CLANG_WARN_DOCUMENTATION_COMMENTS = YES;
				CLANG_WARN_EMPTY_BODY = YES;
				CLANG_WARN_ENUM_CONVERSION = YES;
				CLANG_WARN_INFINITE_RECURSION = YES;
				CLANG_WARN_INT_CONVERSION = YES;
				CLANG_WARN_NON_LITERAL_NULL_CONVERSION = YES;
				CLANG_WARN_OBJC_LITERAL_CONVERSION = YES;
				CLANG_WARN_OBJC_ROOT_CLASS = YES_ERROR;
				CLANG_WARN_RANGE_LOOP_ANALYSIS = YES;
				CLANG_WARN_STRICT_PROTOTYPES = YES;
				CLANG_WARN_SUSPICIOUS_MOVE = YES;
				CLANG_WARN_UNGUARDED_AVAILABILITY = YES_AGGRESSIVE;
				CLANG_WARN_UNREACHABLE_CODE = YES;
				CLANG_WARN__DUPLICATE_METHOD_MATCH = YES;
				CODE_SIGN_IDENTITY = "iPhone Developer";
				COPY_PHASE_STRIP = NO;
				DEBUG_INFORMATION_FORMAT = "dwarf-with-dsym";
				ENABLE_NS_ASSERTIONS = NO;
				ENABLE_STRICT_OBJC_MSGSEND = YES;
				GCC_C_LANGUAGE_STANDARD = gnu11;
				GCC_NO_COMMON_BLOCKS = YES;
				GCC_WARN_64_TO_32_BIT_CONVERSION = YES;
				GCC_WARN_ABOUT_RETURN_TYPE = YES_ERROR;
				GCC_WARN_UNDECLARED_SELECTOR = YES;
				GCC_WARN_UNINITIALIZED_AUTOS = YES_AGGRESSIVE;
				GCC_WARN_UNUSED_FUNCTION = YES;
				GCC_WARN_UNUSED_VARIABLE = YES;
				IPHONEOS_DEPLOYMENT_TARGET = 11.0;
				MTL_ENABLE_DEBUG_INFO = NO;
				SDKROOT = iphoneos;
				SWIFT_OPTIMIZATION_LEVEL = "-Owholemodule";
				VALIDATE_PRODUCT = YES;
			};
			name = Release;
		};
		110D01E51F98082800CD4605 /* Debug */ = {
			isa = XCBuildConfiguration;
			buildSettings = {
				ASSETCATALOG_COMPILER_APPICON_NAME = AppIcon;
				CODE_SIGN_STYLE = Automatic;
				INFOPLIST_FILE = Roses/Info.plist;
				LD_RUNPATH_SEARCH_PATHS = "$(inherited) @executable_path/Frameworks";
				PRODUCT_BUNDLE_IDENTIFIER = com.babak.Roses;
				PRODUCT_NAME = "$(TARGET_NAME)";
				SWIFT_VERSION = 4.0;
				TARGETED_DEVICE_FAMILY = "1,2";
			};
			name = Debug;
		};
		110D01E61F98082800CD4605 /* Release */ = {
			isa = XCBuildConfiguration;
			buildSettings = {
				ASSETCATALOG_COMPILER_APPICON_NAME = AppIcon;
				CODE_SIGN_STYLE = Automatic;
				INFOPLIST_FILE = Roses/Info.plist;
				LD_RUNPATH_SEARCH_PATHS = "$(inherited) @executable_path/Frameworks";
				PRODUCT_BUNDLE_IDENTIFIER = com.babak.Roses;
				PRODUCT_NAME = "$(TARGET_NAME)";
				SWIFT_VERSION = 4.0;
				TARGETED_DEVICE_FAMILY = "1,2";
			};
			name = Release;
		};
/* End XCBuildConfiguration section */

/* Begin XCConfigurationList section */
		110D01CD1F98082800CD4605 /* Build configuration list for PBXProject "Roses" */ = {
			isa = XCConfigurationList;
			buildConfigurations = (
				110D01E21F98082800CD4605 /* Debug */,
				110D01E31F98082800CD4605 /* Release */,
			);
			defaultConfigurationIsVisible = 0;
			defaultConfigurationName = Release;
		};
		110D01E41F98082800CD4605 /* Build configuration list for PBXNativeTarget "Roses" */ = {
			isa = XCConfigurationList;
			buildConfigurations = (
				110D01E51F98082800CD4605 /* Debug */,
				110D01E61F98082800CD4605 /* Release */,
			);
			defaultConfigurationIsVisible = 0;
			defaultConfigurationName = Release;
		};
/* End XCConfigurationList section */
	};
	rootObject = 110D01CA1F98082800CD4605 /* Project object */;
}
